<?xml version="1.0" encoding="utf-8"?>
<Project ToolsVersion="4.0" xmlns="http://schemas.microsoft.com/developer/msbuild/2003">
  <ItemGroup>
    <ClCompile Include="Songsnamer.cpp" />
    <ClCompile Include="main.cpp" />
  </ItemGroup>
  <ItemGroup>
    <ResourceCompile Include="Songs namer.rc" />
  </ItemGroup>
  <ItemGroup>
    <None Include="Songs namer.ico" />
  </ItemGroup>
  <ItemGroup>
    <Filter Include="source">
      <UniqueIdentifier>{9d446eee-b29f-4faa-a04b-0b3f728f3dce}</UniqueIdentifier>
    </Filter>
  </ItemGroup>
  <ItemGroup>
    <QtUic Include="Songsnamer.ui" />
  </ItemGroup>
  <ItemGroup>
    <QtMoc Include="Songsnamer.h" />
  </ItemGroup>
  <ItemGroup>
    <QtRcc Include="Songsnamer.qrc" />
  </ItemGroup>
</Project>