<?xml version="1.0" encoding="utf-8"?>
<Project ToolsVersion="4.0" xmlns="http://schemas.microsoft.com/developer/msbuild/2003">
  <ItemGroup>
    <ClCompile Include="source\main.cpp">
      <Filter>source</Filter>
    </ClCompile>
    <ClCompile Include="source\Songsnamer.cpp">
      <Filter>source</Filter>
    </ClCompile>
  </ItemGroup>
  <ItemGroup>
    <ResourceCompile Include="Songs namer.rc" />
  </ItemGroup>
  <ItemGroup>
    <None Include="Songs namer.ico" />
  </ItemGroup>
  <ItemGroup>
    <Filter Include="source">
      <UniqueIdentifier>{9d446eee-b29f-4faa-a04b-0b3f728f3dce}</UniqueIdentifier>
    </Filter>
  </ItemGroup>
  <ItemGroup>
    <QtUic Include="source\Songsnamer.ui">
      <Filter>source</Filter>
    </QtUic>
  </ItemGroup>
  <ItemGroup>
    <QtMoc Include="source\Songsnamer.h">
      <Filter>source</Filter>
    </QtMoc>
  </ItemGroup>
  <ItemGroup>
    <QtRcc Include="source\Songsnamer.qrc">
      <Filter>source</Filter>
    </QtRcc>
  </ItemGroup>
</Project>